// !$*UTF8*$!
{
	archiveVersion = 1;
	classes = {
	};
	objectVersion = 55;
	objects = {

/* Begin PBXBuildFile section */
		BD10588728663853001BEBCF /* AppDelegate.swift in Sources */ = {isa = PBXBuildFile; fileRef = BD10588628663853001BEBCF /* AppDelegate.swift */; };
		BD10588928663853001BEBCF /* SceneDelegate.swift in Sources */ = {isa = PBXBuildFile; fileRef = BD10588828663853001BEBCF /* SceneDelegate.swift */; };
		BD10588B28663853001BEBCF /* ViewController.swift in Sources */ = {isa = PBXBuildFile; fileRef = BD10588A28663853001BEBCF /* ViewController.swift */; };
		BD10588E28663853001BEBCF /* Main.storyboard in Resources */ = {isa = PBXBuildFile; fileRef = BD10588C28663853001BEBCF /* Main.storyboard */; };
		BD10589128663853001BEBCF /* To_Do_Project.xcdatamodeld in Sources */ = {isa = PBXBuildFile; fileRef = BD10588F28663853001BEBCF /* To_Do_Project.xcdatamodeld */; };
		BD1058932866385C001BEBCF /* Assets.xcassets in Resources */ = {isa = PBXBuildFile; fileRef = BD1058922866385C001BEBCF /* Assets.xcassets */; };
		BD1058962866385C001BEBCF /* LaunchScreen.storyboard in Resources */ = {isa = PBXBuildFile; fileRef = BD1058942866385C001BEBCF /* LaunchScreen.storyboard */; };
		BD1058A12866385C001BEBCF /* To_Do_ProjectTests.swift in Sources */ = {isa = PBXBuildFile; fileRef = BD1058A02866385C001BEBCF /* To_Do_ProjectTests.swift */; };
		BD1058AB2866385C001BEBCF /* To_Do_ProjectUITests.swift in Sources */ = {isa = PBXBuildFile; fileRef = BD1058AA2866385C001BEBCF /* To_Do_ProjectUITests.swift */; };
		BD1058AD2866385C001BEBCF /* To_Do_ProjectUITestsLaunchTests.swift in Sources */ = {isa = PBXBuildFile; fileRef = BD1058AC2866385C001BEBCF /* To_Do_ProjectUITestsLaunchTests.swift */; };
/* End PBXBuildFile section */

/* Begin PBXContainerItemProxy section */
		BD10589D2866385C001BEBCF /* PBXContainerItemProxy */ = {
			isa = PBXContainerItemProxy;
			containerPortal = BD10587B28663853001BEBCF /* Project object */;
			proxyType = 1;
			remoteGlobalIDString = BD10588228663853001BEBCF;
			remoteInfo = "To Do Project";
		};
		BD1058A72866385C001BEBCF /* PBXContainerItemProxy */ = {
			isa = PBXContainerItemProxy;
			containerPortal = BD10587B28663853001BEBCF /* Project object */;
			proxyType = 1;
			remoteGlobalIDString = BD10588228663853001BEBCF;
			remoteInfo = "To Do Project";
		};
/* End PBXContainerItemProxy section */

/* Begin PBXFileReference section */
		BD10588328663853001BEBCF /* To Do Project.app */ = {isa = PBXFileReference; explicitFileType = wrapper.application; includeInIndex = 0; path = "To Do Project.app"; sourceTree = BUILT_PRODUCTS_DIR; };
		BD10588628663853001BEBCF /* AppDelegate.swift */ = {isa = PBXFileReference; lastKnownFileType = sourcecode.swift; path = AppDelegate.swift; sourceTree = "<group>"; };
		BD10588828663853001BEBCF /* SceneDelegate.swift */ = {isa = PBXFileReference; lastKnownFileType = sourcecode.swift; path = SceneDelegate.swift; sourceTree = "<group>"; };
		BD10588A28663853001BEBCF /* ViewController.swift */ = {isa = PBXFileReference; lastKnownFileType = sourcecode.swift; path = ViewController.swift; sourceTree = "<group>"; };
		BD10588D28663853001BEBCF /* Base */ = {isa = PBXFileReference; lastKnownFileType = file.storyboard; name = Base; path = Base.lproj/Main.storyboard; sourceTree = "<group>"; };
		BD10589028663853001BEBCF /* To_Do_Project.xcdatamodel */ = {isa = PBXFileReference; lastKnownFileType = wrapper.xcdatamodel; path = To_Do_Project.xcdatamodel; sourceTree = "<group>"; };
		BD1058922866385C001BEBCF /* Assets.xcassets */ = {isa = PBXFileReference; lastKnownFileType = folder.assetcatalog; path = Assets.xcassets; sourceTree = "<group>"; };
		BD1058952866385C001BEBCF /* Base */ = {isa = PBXFileReference; lastKnownFileType = file.storyboard; name = Base; path = Base.lproj/LaunchScreen.storyboard; sourceTree = "<group>"; };
		BD1058972866385C001BEBCF /* Info.plist */ = {isa = PBXFileReference; lastKnownFileType = text.plist.xml; path = Info.plist; sourceTree = "<group>"; };
		BD10589C2866385C001BEBCF /* To Do ProjectTests.xctest */ = {isa = PBXFileReference; explicitFileType = wrapper.cfbundle; includeInIndex = 0; path = "To Do ProjectTests.xctest"; sourceTree = BUILT_PRODUCTS_DIR; };
		BD1058A02866385C001BEBCF /* To_Do_ProjectTests.swift */ = {isa = PBXFileReference; lastKnownFileType = sourcecode.swift; path = To_Do_ProjectTests.swift; sourceTree = "<group>"; };
		BD1058A62866385C001BEBCF /* To Do ProjectUITests.xctest */ = {isa = PBXFileReference; explicitFileType = wrapper.cfbundle; includeInIndex = 0; path = "To Do ProjectUITests.xctest"; sourceTree = BUILT_PRODUCTS_DIR; };
		BD1058AA2866385C001BEBCF /* To_Do_ProjectUITests.swift */ = {isa = PBXFileReference; lastKnownFileType = sourcecode.swift; path = To_Do_ProjectUITests.swift; sourceTree = "<group>"; };
		BD1058AC2866385C001BEBCF /* To_Do_ProjectUITestsLaunchTests.swift */ = {isa = PBXFileReference; lastKnownFileType = sourcecode.swift; path = To_Do_ProjectUITestsLaunchTests.swift; sourceTree = "<group>"; };
/* End PBXFileReference section */

/* Begin PBXFrameworksBuildPhase section */
		BD10588028663853001BEBCF /* Frameworks */ = {
			isa = PBXFrameworksBuildPhase;
			buildActionMask = 2147483647;
			files = (
			);
			runOnlyForDeploymentPostprocessing = 0;
		};
		BD1058992866385C001BEBCF /* Frameworks */ = {
			isa = PBXFrameworksBuildPhase;
			buildActionMask = 2147483647;
			files = (
			);
			runOnlyForDeploymentPostprocessing = 0;
		};
		BD1058A32866385C001BEBCF /* Frameworks */ = {
			isa = PBXFrameworksBuildPhase;
			buildActionMask = 2147483647;
			files = (
			);
			runOnlyForDeploymentPostprocessing = 0;
		};
/* End PBXFrameworksBuildPhase section */

/* Begin PBXGroup section */
		BD10587A28663853001BEBCF = {
			isa = PBXGroup;
			children = (
				BD10588528663853001BEBCF /* To Do Project */,
				BD10589F2866385C001BEBCF /* To Do ProjectTests */,
				BD1058A92866385C001BEBCF /* To Do ProjectUITests */,
				BD10588428663853001BEBCF /* Products */,
			);
			sourceTree = "<group>";
		};
		BD10588428663853001BEBCF /* Products */ = {
			isa = PBXGroup;
			children = (
				BD10588328663853001BEBCF /* To Do Project.app */,
				BD10589C2866385C001BEBCF /* To Do ProjectTests.xctest */,
				BD1058A62866385C001BEBCF /* To Do ProjectUITests.xctest */,
			);
			name = Products;
			sourceTree = "<group>";
		};
		BD10588528663853001BEBCF /* To Do Project */ = {
			isa = PBXGroup;
			children = (
				BD10588628663853001BEBCF /* AppDelegate.swift */,
				BD10588828663853001BEBCF /* SceneDelegate.swift */,
				BD10588A28663853001BEBCF /* ViewController.swift */,
				BD10588C28663853001BEBCF /* Main.storyboard */,
				BD1058922866385C001BEBCF /* Assets.xcassets */,
				BD1058942866385C001BEBCF /* LaunchScreen.storyboard */,
				BD1058972866385C001BEBCF /* Info.plist */,
				BD10588F28663853001BEBCF /* To_Do_Project.xcdatamodeld */,
			);
			path = "To Do Project";
			sourceTree = "<group>";
		};
		BD10589F2866385C001BEBCF /* To Do ProjectTests */ = {
			isa = PBXGroup;
			children = (
				BD1058A02866385C001BEBCF /* To_Do_ProjectTests.swift */,
			);
			path = "To Do ProjectTests";
			sourceTree = "<group>";
		};
		BD1058A92866385C001BEBCF /* To Do ProjectUITests */ = {
			isa = PBXGroup;
			children = (
				BD1058AA2866385C001BEBCF /* To_Do_ProjectUITests.swift */,
				BD1058AC2866385C001BEBCF /* To_Do_ProjectUITestsLaunchTests.swift */,
			);
			path = "To Do ProjectUITests";
			sourceTree = "<group>";
		};
/* End PBXGroup section */

/* Begin PBXNativeTarget section */
		BD10588228663853001BEBCF /* To Do Project */ = {
			isa = PBXNativeTarget;
			buildConfigurationList = BD1058B02866385C001BEBCF /* Build configuration list for PBXNativeTarget "To Do Project" */;
			buildPhases = (
				BD10587F28663853001BEBCF /* Sources */,
				BD10588028663853001BEBCF /* Frameworks */,
				BD10588128663853001BEBCF /* Resources */,
			);
			buildRules = (
			);
			dependencies = (
			);
			name = "To Do Project";
			productName = "To Do Project";
			productReference = BD10588328663853001BEBCF /* To Do Project.app */;
			productType = "com.apple.product-type.application";
		};
		BD10589B2866385C001BEBCF /* To Do ProjectTests */ = {
			isa = PBXNativeTarget;
			buildConfigurationList = BD1058B32866385C001BEBCF /* Build configuration list for PBXNativeTarget "To Do ProjectTests" */;
			buildPhases = (
				BD1058982866385C001BEBCF /* Sources */,
				BD1058992866385C001BEBCF /* Frameworks */,
				BD10589A2866385C001BEBCF /* Resources */,
			);
			buildRules = (
			);
			dependencies = (
				BD10589E2866385C001BEBCF /* PBXTargetDependency */,
			);
			name = "To Do ProjectTests";
			productName = "To Do ProjectTests";
			productReference = BD10589C2866385C001BEBCF /* To Do ProjectTests.xctest */;
			productType = "com.apple.product-type.bundle.unit-test";
		};
		BD1058A52866385C001BEBCF /* To Do ProjectUITests */ = {
			isa = PBXNativeTarget;
			buildConfigurationList = BD1058B62866385C001BEBCF /* Build configuration list for PBXNativeTarget "To Do ProjectUITests" */;
			buildPhases = (
				BD1058A22866385C001BEBCF /* Sources */,
				BD1058A32866385C001BEBCF /* Frameworks */,
				BD1058A42866385C001BEBCF /* Resources */,
			);
			buildRules = (
			);
			dependencies = (
				BD1058A82866385C001BEBCF /* PBXTargetDependency */,
			);
			name = "To Do ProjectUITests";
			productName = "To Do ProjectUITests";
			productReference = BD1058A62866385C001BEBCF /* To Do ProjectUITests.xctest */;
			productType = "com.apple.product-type.bundle.ui-testing";
		};
/* End PBXNativeTarget section */

/* Begin PBXProject section */
		BD10587B28663853001BEBCF /* Project object */ = {
			isa = PBXProject;
			attributes = {
				BuildIndependentTargetsInParallel = 1;
				LastSwiftUpdateCheck = 1340;
				LastUpgradeCheck = 1340;
				TargetAttributes = {
					BD10588228663853001BEBCF = {
						CreatedOnToolsVersion = 13.4.1;
					};
					BD10589B2866385C001BEBCF = {
						CreatedOnToolsVersion = 13.4.1;
						TestTargetID = BD10588228663853001BEBCF;
					};
					BD1058A52866385C001BEBCF = {
						CreatedOnToolsVersion = 13.4.1;
						TestTargetID = BD10588228663853001BEBCF;
					};
				};
			};
			buildConfigurationList = BD10587E28663853001BEBCF /* Build configuration list for PBXProject "To Do Project" */;
			compatibilityVersion = "Xcode 13.0";
			developmentRegion = en;
			hasScannedForEncodings = 0;
			knownRegions = (
				en,
				Base,
			);
			mainGroup = BD10587A28663853001BEBCF;
			productRefGroup = BD10588428663853001BEBCF /* Products */;
			projectDirPath = "";
			projectRoot = "";
			targets = (
				BD10588228663853001BEBCF /* To Do Project */,
				BD10589B2866385C001BEBCF /* To Do ProjectTests */,
				BD1058A52866385C001BEBCF /* To Do ProjectUITests */,
			);
		};
/* End PBXProject section */

/* Begin PBXResourcesBuildPhase section */
		BD10588128663853001BEBCF /* Resources */ = {
			isa = PBXResourcesBuildPhase;
			buildActionMask = 2147483647;
			files = (
				BD1058962866385C001BEBCF /* LaunchScreen.storyboard in Resources */,
				BD1058932866385C001BEBCF /* Assets.xcassets in Resources */,
				BD10588E28663853001BEBCF /* Main.storyboard in Resources */,
			);
			runOnlyForDeploymentPostprocessing = 0;
		};
		BD10589A2866385C001BEBCF /* Resources */ = {
			isa = PBXResourcesBuildPhase;
			buildActionMask = 2147483647;
			files = (
			);
			runOnlyForDeploymentPostprocessing = 0;
		};
		BD1058A42866385C001BEBCF /* Resources */ = {
			isa = PBXResourcesBuildPhase;
			buildActionMask = 2147483647;
			files = (
			);
			runOnlyForDeploymentPostprocessing = 0;
		};
/* End PBXResourcesBuildPhase section */

/* Begin PBXSourcesBuildPhase section */
		BD10587F28663853001BEBCF /* Sources */ = {
			isa = PBXSourcesBuildPhase;
			buildActionMask = 2147483647;
			files = (
				BD10588B28663853001BEBCF /* ViewController.swift in Sources */,
				BD10589128663853001BEBCF /* To_Do_Project.xcdatamodeld in Sources */,
				BD10588728663853001BEBCF /* AppDelegate.swift in Sources */,
				BD10588928663853001BEBCF /* SceneDelegate.swift in Sources */,
			);
			runOnlyForDeploymentPostprocessing = 0;
		};
		BD1058982866385C001BEBCF /* Sources */ = {
			isa = PBXSourcesBuildPhase;
			buildActionMask = 2147483647;
			files = (
				BD1058A12866385C001BEBCF /* To_Do_ProjectTests.swift in Sources */,
			);
			runOnlyForDeploymentPostprocessing = 0;
		};
		BD1058A22866385C001BEBCF /* Sources */ = {
			isa = PBXSourcesBuildPhase;
			buildActionMask = 2147483647;
			files = (
				BD1058AD2866385C001BEBCF /* To_Do_ProjectUITestsLaunchTests.swift in Sources */,
				BD1058AB2866385C001BEBCF /* To_Do_ProjectUITests.swift in Sources */,
			);
			runOnlyForDeploymentPostprocessing = 0;
		};
/* End PBXSourcesBuildPhase section */

/* Begin PBXTargetDependency section */
		BD10589E2866385C001BEBCF /* PBXTargetDependency */ = {
			isa = PBXTargetDependency;
			target = BD10588228663853001BEBCF /* To Do Project */;
			targetProxy = BD10589D2866385C001BEBCF /* PBXContainerItemProxy */;
		};
		BD1058A82866385C001BEBCF /* PBXTargetDependency */ = {
			isa = PBXTargetDependency;
			target = BD10588228663853001BEBCF /* To Do Project */;
			targetProxy = BD1058A72866385C001BEBCF /* PBXContainerItemProxy */;
		};
/* End PBXTargetDependency section */

/* Begin PBXVariantGroup section */
		BD10588C28663853001BEBCF /* Main.storyboard */ = {
			isa = PBXVariantGroup;
			children = (
				BD10588D28663853001BEBCF /* Base */,
			);
			name = Main.storyboard;
			sourceTree = "<group>";
		};
		BD1058942866385C001BEBCF /* LaunchScreen.storyboard */ = {
			isa = PBXVariantGroup;
			children = (
				BD1058952866385C001BEBCF /* Base */,
			);
			name = LaunchScreen.storyboard;
			sourceTree = "<group>";
		};
/* End PBXVariantGroup section */

/* Begin XCBuildConfiguration section */
		BD1058AE2866385C001BEBCF /* Debug */ = {
			isa = XCBuildConfiguration;
			buildSettings = {
				ALWAYS_SEARCH_USER_PATHS = NO;
				CLANG_ANALYZER_NONNULL = YES;
				CLANG_ANALYZER_NUMBER_OBJECT_CONVERSION = YES_AGGRESSIVE;
				CLANG_CXX_LANGUAGE_STANDARD = "gnu++17";
				CLANG_ENABLE_MODULES = YES;
				CLANG_ENABLE_OBJC_ARC = YES;
				CLANG_ENABLE_OBJC_WEAK = YES;
				CLANG_WARN_BLOCK_CAPTURE_AUTORELEASING = YES;
				CLANG_WARN_BOOL_CONVERSION = YES;
				CLANG_WARN_COMMA = YES;
				CLANG_WARN_CONSTANT_CONVERSION = YES;
				CLANG_WARN_DEPRECATED_OBJC_IMPLEMENTATIONS = YES;
				CLANG_WARN_DIRECT_OBJC_ISA_USAGE = YES_ERROR;
				CLANG_WARN_DOCUMENTATION_COMMENTS = YES;
				CLANG_WARN_EMPTY_BODY = YES;
				CLANG_WARN_ENUM_CONVERSION = YES;
				CLANG_WARN_INFINITE_RECURSION = YES;
				CLANG_WARN_INT_CONVERSION = YES;
				CLANG_WARN_NON_LITERAL_NULL_CONVERSION = YES;
				CLANG_WARN_OBJC_IMPLICIT_RETAIN_SELF = YES;
				CLANG_WARN_OBJC_LITERAL_CONVERSION = YES;
				CLANG_WARN_OBJC_ROOT_CLASS = YES_ERROR;
				CLANG_WARN_QUOTED_INCLUDE_IN_FRAMEWORK_HEADER = YES;
				CLANG_WARN_RANGE_LOOP_ANALYSIS = YES;
				CLANG_WARN_STRICT_PROTOTYPES = YES;
				CLANG_WARN_SUSPICIOUS_MOVE = YES;
				CLANG_WARN_UNGUARDED_AVAILABILITY = YES_AGGRESSIVE;
				CLANG_WARN_UNREACHABLE_CODE = YES;
				CLANG_WARN__DUPLICATE_METHOD_MATCH = YES;
				COPY_PHASE_STRIP = NO;
				DEBUG_INFORMATION_FORMAT = dwarf;
				ENABLE_STRICT_OBJC_MSGSEND = YES;
				ENABLE_TESTABILITY = YES;
				GCC_C_LANGUAGE_STANDARD = gnu11;
				GCC_DYNAMIC_NO_PIC = NO;
				GCC_NO_COMMON_BLOCKS = YES;
				GCC_OPTIMIZATION_LEVEL = 0;
				GCC_PREPROCESSOR_DEFINITIONS = (
					"DEBUG=1",
					"$(inherited)",
				);
				GCC_WARN_64_TO_32_BIT_CONVERSION = YES;
				GCC_WARN_ABOUT_RETURN_TYPE = YES_ERROR;
				GCC_WARN_UNDECLARED_SELECTOR = YES;
				GCC_WARN_UNINITIALIZED_AUTOS = YES_AGGRESSIVE;
				GCC_WARN_UNUSED_FUNCTION = YES;
				GCC_WARN_UNUSED_VARIABLE = YES;
				IPHONEOS_DEPLOYMENT_TARGET = 15.5;
				MTL_ENABLE_DEBUG_INFO = INCLUDE_SOURCE;
				MTL_FAST_MATH = YES;
				ONLY_ACTIVE_ARCH = YES;
				SDKROOT = iphoneos;
				SWIFT_ACTIVE_COMPILATION_CONDITIONS = DEBUG;
				SWIFT_OPTIMIZATION_LEVEL = "-Onone";
			};
			name = Debug;
		};
		BD1058AF2866385C001BEBCF /* Release */ = {
			isa = XCBuildConfiguration;
			buildSettings = {
				ALWAYS_SEARCH_USER_PATHS = NO;
				CLANG_ANALYZER_NONNULL = YES;
				CLANG_ANALYZER_NUMBER_OBJECT_CONVERSION = YES_AGGRESSIVE;
				CLANG_CXX_LANGUAGE_STANDARD = "gnu++17";
				CLANG_ENABLE_MODULES = YES;
				CLANG_ENABLE_OBJC_ARC = YES;
				CLANG_ENABLE_OBJC_WEAK = YES;
				CLANG_WARN_BLOCK_CAPTURE_AUTORELEASING = YES;
				CLANG_WARN_BOOL_CONVERSION = YES;
				CLANG_WARN_COMMA = YES;
				CLANG_WARN_CONSTANT_CONVERSION = YES;
				CLANG_WARN_DEPRECATED_OBJC_IMPLEMENTATIONS = YES;
				CLANG_WARN_DIRECT_OBJC_ISA_USAGE = YES_ERROR;
				CLANG_WARN_DOCUMENTATION_COMMENTS = YES;
				CLANG_WARN_EMPTY_BODY = YES;
				CLANG_WARN_ENUM_CONVERSION = YES;
				CLANG_WARN_INFINITE_RECURSION = YES;
				CLANG_WARN_INT_CONVERSION = YES;
				CLANG_WARN_NON_LITERAL_NULL_CONVERSION = YES;
				CLANG_WARN_OBJC_IMPLICIT_RETAIN_SELF = YES;
				CLANG_WARN_OBJC_LITERAL_CONVERSION = YES;
				CLANG_WARN_OBJC_ROOT_CLASS = YES_ERROR;
				CLANG_WARN_QUOTED_INCLUDE_IN_FRAMEWORK_HEADER = YES;
				CLANG_WARN_RANGE_LOOP_ANALYSIS = YES;
				CLANG_WARN_STRICT_PROTOTYPES = YES;
				CLANG_WARN_SUSPICIOUS_MOVE = YES;
				CLANG_WARN_UNGUARDED_AVAILABILITY = YES_AGGRESSIVE;
				CLANG_WARN_UNREACHABLE_CODE = YES;
				CLANG_WARN__DUPLICATE_METHOD_MATCH = YES;
				COPY_PHASE_STRIP = NO;
				DEBUG_INFORMATION_FORMAT = "dwarf-with-dsym";
				ENABLE_NS_ASSERTIONS = NO;
				ENABLE_STRICT_OBJC_MSGSEND = YES;
				GCC_C_LANGUAGE_STANDARD = gnu11;
				GCC_NO_COMMON_BLOCKS = YES;
				GCC_WARN_64_TO_32_BIT_CONVERSION = YES;
				GCC_WARN_ABOUT_RETURN_TYPE = YES_ERROR;
				GCC_WARN_UNDECLARED_SELECTOR = YES;
				GCC_WARN_UNINITIALIZED_AUTOS = YES_AGGRESSIVE;
				GCC_WARN_UNUSED_FUNCTION = YES;
				GCC_WARN_UNUSED_VARIABLE = YES;
				IPHONEOS_DEPLOYMENT_TARGET = 15.5;
				MTL_ENABLE_DEBUG_INFO = NO;
				MTL_FAST_MATH = YES;
				SDKROOT = iphoneos;
				SWIFT_COMPILATION_MODE = wholemodule;
				SWIFT_OPTIMIZATION_LEVEL = "-O";
				VALIDATE_PRODUCT = YES;
			};
			name = Release;
		};
		BD1058B12866385C001BEBCF /* Debug */ = {
			isa = XCBuildConfiguration;
			buildSettings = {
				ASSETCATALOG_COMPILER_APPICON_NAME = AppIcon;
				ASSETCATALOG_COMPILER_GLOBAL_ACCENT_COLOR_NAME = AccentColor;
				CODE_SIGN_STYLE = Automatic;
				CURRENT_PROJECT_VERSION = 1;
				GENERATE_INFOPLIST_FILE = YES;
				INFOPLIST_FILE = "To Do Project/Info.plist";
				INFOPLIST_KEY_UIApplicationSupportsIndirectInputEvents = YES;
				INFOPLIST_KEY_UILaunchStoryboardName = LaunchScreen;
				INFOPLIST_KEY_UIMainStoryboardFile = Main;
				INFOPLIST_KEY_UISupportedInterfaceOrientations_iPad = "UIInterfaceOrientationPortrait UIInterfaceOrientationPortraitUpsideDown UIInterfaceOrientationLandscapeLeft UIInterfaceOrientationLandscapeRight";
				INFOPLIST_KEY_UISupportedInterfaceOrientations_iPhone = "UIInterfaceOrientationPortrait UIInterfaceOrientationLandscapeLeft UIInterfaceOrientationLandscapeRight";
				LD_RUNPATH_SEARCH_PATHS = (
					"$(inherited)",
					"@executable_path/Frameworks",
				);
				MARKETING_VERSION = 1.0;
				PRODUCT_BUNDLE_IDENTIFIER = "KWK.To-Do-Project";
				PRODUCT_NAME = "$(TARGET_NAME)";
				SWIFT_EMIT_LOC_STRINGS = YES;
				SWIFT_VERSION = 5.0;
				TARGETED_DEVICE_FAMILY = "1,2";
			};
			name = Debug;
		};
		BD1058B22866385C001BEBCF /* Release */ = {
			isa = XCBuildConfiguration;
			buildSettings = {
				ASSETCATALOG_COMPILER_APPICON_NAME = AppIcon;
				ASSETCATALOG_COMPILER_GLOBAL_ACCENT_COLOR_NAME = AccentColor;
				CODE_SIGN_STYLE = Automatic;
				CURRENT_PROJECT_VERSION = 1;
				GENERATE_INFOPLIST_FILE = YES;
				INFOPLIST_FILE = "To Do Project/Info.plist";
				INFOPLIST_KEY_UIApplicationSupportsIndirectInputEvents = YES;
				INFOPLIST_KEY_UILaunchStoryboardName = LaunchScreen;
				INFOPLIST_KEY_UIMainStoryboardFile = Main;
				INFOPLIST_KEY_UISupportedInterfaceOrientations_iPad = "UIInterfaceOrientationPortrait UIInterfaceOrientationPortraitUpsideDown UIInterfaceOrientationLandscapeLeft UIInterfaceOrientationLandscapeRight";
				INFOPLIST_KEY_UISupportedInterfaceOrientations_iPhone = "UIInterfaceOrientationPortrait UIInterfaceOrientationLandscapeLeft UIInterfaceOrientationLandscapeRight";
				LD_RUNPATH_SEARCH_PATHS = (
					"$(inherited)",
					"@executable_path/Frameworks",
				);
				MARKETING_VERSION = 1.0;
				PRODUCT_BUNDLE_IDENTIFIER = "KWK.To-Do-Project";
				PRODUCT_NAME = "$(TARGET_NAME)";
				SWIFT_EMIT_LOC_STRINGS = YES;
				SWIFT_VERSION = 5.0;
				TARGETED_DEVICE_FAMILY = "1,2";
			};
			name = Release;
		};
		BD1058B42866385C001BEBCF /* Debug */ = {
			isa = XCBuildConfiguration;
			buildSettings = {
				ALWAYS_EMBED_SWIFT_STANDARD_LIBRARIES = YES;
				BUNDLE_LOADER = "$(TEST_HOST)";
				CODE_SIGN_STYLE = Automatic;
				CURRENT_PROJECT_VERSION = 1;
				GENERATE_INFOPLIST_FILE = YES;
				IPHONEOS_DEPLOYMENT_TARGET = 15.5;
				MARKETING_VERSION = 1.0;
				PRODUCT_BUNDLE_IDENTIFIER = "KWK.To-Do-ProjectTests";
				PRODUCT_NAME = "$(TARGET_NAME)";
				SWIFT_EMIT_LOC_STRINGS = NO;
				SWIFT_VERSION = 5.0;
				TARGETED_DEVICE_FAMILY = "1,2";
				TEST_HOST = "$(BUILT_PRODUCTS_DIR)/To Do Project.app/To Do Project";
			};
			name = Debug;
		};
		BD1058B52866385C001BEBCF /* Release */ = {
			isa = XCBuildConfiguration;
			buildSettings = {
				ALWAYS_EMBED_SWIFT_STANDARD_LIBRARIES = YES;
				BUNDLE_LOADER = "$(TEST_HOST)";
				CODE_SIGN_STYLE = Automatic;
				CURRENT_PROJECT_VERSION = 1;
				GENERATE_INFOPLIST_FILE = YES;
				IPHONEOS_DEPLOYMENT_TARGET = 15.5;
				MARKETING_VERSION = 1.0;
				PRODUCT_BUNDLE_IDENTIFIER = "KWK.To-Do-ProjectTests";
				PRODUCT_NAME = "$(TARGET_NAME)";
				SWIFT_EMIT_LOC_STRINGS = NO;
				SWIFT_VERSION = 5.0;
				TARGETED_DEVICE_FAMILY = "1,2";
				TEST_HOST = "$(BUILT_PRODUCTS_DIR)/To Do Project.app/To Do Project";
			};
			name = Release;
		};
		BD1058B72866385C001BEBCF /* Debug */ = {
			isa = XCBuildConfiguration;
			buildSettings = {
				ALWAYS_EMBED_SWIFT_STANDARD_LIBRARIES = YES;
				CODE_SIGN_STYLE = Automatic;
				CURRENT_PROJECT_VERSION = 1;
				GENERATE_INFOPLIST_FILE = YES;
				MARKETING_VERSION = 1.0;
				PRODUCT_BUNDLE_IDENTIFIER = "KWK.To-Do-ProjectUITests";
				PRODUCT_NAME = "$(TARGET_NAME)";
				SWIFT_EMIT_LOC_STRINGS = NO;
				SWIFT_VERSION = 5.0;
				TARGETED_DEVICE_FAMILY = "1,2";
				TEST_TARGET_NAME = "To Do Project";
			};
			name = Debug;
		};
		BD1058B82866385C001BEBCF /* Release */ = {
			isa = XCBuildConfiguration;
			buildSettings = {
				ALWAYS_EMBED_SWIFT_STANDARD_LIBRARIES = YES;
				CODE_SIGN_STYLE = Automatic;
				CURRENT_PROJECT_VERSION = 1;
				GENERATE_INFOPLIST_FILE = YES;
				MARKETING_VERSION = 1.0;
				PRODUCT_BUNDLE_IDENTIFIER = "KWK.To-Do-ProjectUITests";
				PRODUCT_NAME = "$(TARGET_NAME)";
				SWIFT_EMIT_LOC_STRINGS = NO;
				SWIFT_VERSION = 5.0;
				TARGETED_DEVICE_FAMILY = "1,2";
				TEST_TARGET_NAME = "To Do Project";
			};
			name = Release;
		};
/* End XCBuildConfiguration section */

/* Begin XCConfigurationList section */
		BD10587E28663853001BEBCF /* Build configuration list for PBXProject "To Do Project" */ = {
			isa = XCConfigurationList;
			buildConfigurations = (
				BD1058AE2866385C001BEBCF /* Debug */,
				BD1058AF2866385C001BEBCF /* Release */,
			);
			defaultConfigurationIsVisible = 0;
			defaultConfigurationName = Release;
		};
		BD1058B02866385C001BEBCF /* Build configuration list for PBXNativeTarget "To Do Project" */ = {
			isa = XCConfigurationList;
			buildConfigurations = (
				BD1058B12866385C001BEBCF /* Debug */,
				BD1058B22866385C001BEBCF /* Release */,
			);
			defaultConfigurationIsVisible = 0;
			defaultConfigurationName = Release;
		};
		BD1058B32866385C001BEBCF /* Build configuration list for PBXNativeTarget "To Do ProjectTests" */ = {
			isa = XCConfigurationList;
			buildConfigurations = (
				BD1058B42866385C001BEBCF /* Debug */,
				BD1058B52866385C001BEBCF /* Release */,
			);
			defaultConfigurationIsVisible = 0;
			defaultConfigurationName = Release;
		};
		BD1058B62866385C001BEBCF /* Build configuration list for PBXNativeTarget "To Do ProjectUITests" */ = {
			isa = XCConfigurationList;
			buildConfigurations = (
				BD1058B72866385C001BEBCF /* Debug */,
				BD1058B82866385C001BEBCF /* Release */,
			);
			defaultConfigurationIsVisible = 0;
			defaultConfigurationName = Release;
		};
/* End XCConfigurationList section */

/* Begin XCVersionGroup section */
		BD10588F28663853001BEBCF /* To_Do_Project.xcdatamodeld */ = {
			isa = XCVersionGroup;
			children = (
				BD10589028663853001BEBCF /* To_Do_Project.xcdatamodel */,
			);
			currentVersion = BD10589028663853001BEBCF /* To_Do_Project.xcdatamodel */;
			path = To_Do_Project.xcdatamodeld;
			sourceTree = "<group>";
			versionGroupType = wrapper.xcdatamodel;
		};
/* End XCVersionGroup section */
	};
	rootObject = BD10587B28663853001BEBCF /* Project object */;
}
